// !$*UTF8*$!
{
	archiveVersion = 1;
	classes = {
	};
	objectVersion = 56;
	objects = {

/* Begin PBXBuildFile section */
		839BF4732C2E37910087D56B /* AsyncImageView.swift in Sources */ = {isa = PBXBuildFile; fileRef = 839BF4722C2E37910087D56B /* AsyncImageView.swift */; };
		83D32DAC2C2B0F9400E6873F /* listNameAppApp.swift in Sources */ = {isa = PBXBuildFile; fileRef = 83D32DAB2C2B0F9400E6873F /* listNameAppApp.swift */; };
		83D32DAE2C2B0F9400E6873F /* PrincipalView.swift in Sources */ = {isa = PBXBuildFile; fileRef = 83D32DAD2C2B0F9400E6873F /* PrincipalView.swift */; };
		83D32DB02C2B0F9600E6873F /* Assets.xcassets in Resources */ = {isa = PBXBuildFile; fileRef = 83D32DAF2C2B0F9600E6873F /* Assets.xcassets */; };
		83D32DB32C2B0F9600E6873F /* Preview Assets.xcassets in Resources */ = {isa = PBXBuildFile; fileRef = 83D32DB22C2B0F9600E6873F /* Preview Assets.xcassets */; };
		83D32DBD2C2B0F9600E6873F /* listNameAppTests.swift in Sources */ = {isa = PBXBuildFile; fileRef = 83D32DBC2C2B0F9600E6873F /* listNameAppTests.swift */; };
		83D32DC72C2B0F9600E6873F /* listNameAppUITests.swift in Sources */ = {isa = PBXBuildFile; fileRef = 83D32DC62C2B0F9600E6873F /* listNameAppUITests.swift */; };
		83D32DDF2C2B19BC00E6873F /* User.swift in Sources */ = {isa = PBXBuildFile; fileRef = 83D32DDE2C2B19BC00E6873F /* User.swift */; };
		83D32DE22C2B1ACA00E6873F /* UserRepostory.swift in Sources */ = {isa = PBXBuildFile; fileRef = 83D32DE12C2B1ACA00E6873F /* UserRepostory.swift */; };
		83D32DE42C2B1B2900E6873F /* UserDataSource.swift in Sources */ = {isa = PBXBuildFile; fileRef = 83D32DE32C2B1B2900E6873F /* UserDataSource.swift */; };
		83D32DE62C2B1CFC00E6873F /* PrincipalVM.swift in Sources */ = {isa = PBXBuildFile; fileRef = 83D32DE52C2B1CFC00E6873F /* PrincipalVM.swift */; };
		83D32DEB2C2C6B0B00E6873F /* ProfileView.swift in Sources */ = {isa = PBXBuildFile; fileRef = 83D32DEA2C2C6B0B00E6873F /* ProfileView.swift */; };
		83D32DED2C2C6B1F00E6873F /* ProfileVM.swift in Sources */ = {isa = PBXBuildFile; fileRef = 83D32DEC2C2C6B1F00E6873F /* ProfileVM.swift */; };
		83D32DF02C2DAFD200E6873F /* RandomDataGenerator.swift in Sources */ = {isa = PBXBuildFile; fileRef = 83D32DEF2C2DAFD200E6873F /* RandomDataGenerator.swift */; };
		83D32DF22C2DC07B00E6873F /* UserRepositoryImplTests.swift in Sources */ = {isa = PBXBuildFile; fileRef = 83D32DF12C2DC07B00E6873F /* UserRepositoryImplTests.swift */; };
		83D32DF42C2DC3CE00E6873F /* RandomDataGenerationTests.swift in Sources */ = {isa = PBXBuildFile; fileRef = 83D32DF32C2DC3CE00E6873F /* RandomDataGenerationTests.swift */; };
/* End PBXBuildFile section */

/* Begin PBXContainerItemProxy section */
		83D32DB92C2B0F9600E6873F /* PBXContainerItemProxy */ = {
			isa = PBXContainerItemProxy;
			containerPortal = 83D32DA02C2B0F9400E6873F /* Project object */;
			proxyType = 1;
			remoteGlobalIDString = 83D32DA72C2B0F9400E6873F;
			remoteInfo = listNameApp;
		};
		83D32DC32C2B0F9600E6873F /* PBXContainerItemProxy */ = {
			isa = PBXContainerItemProxy;
			containerPortal = 83D32DA02C2B0F9400E6873F /* Project object */;
			proxyType = 1;
			remoteGlobalIDString = 83D32DA72C2B0F9400E6873F;
			remoteInfo = listNameApp;
		};
/* End PBXContainerItemProxy section */

/* Begin PBXFileReference section */
		839BF4722C2E37910087D56B /* AsyncImageView.swift */ = {isa = PBXFileReference; lastKnownFileType = sourcecode.swift; path = AsyncImageView.swift; sourceTree = "<group>"; };
		83D32DA82C2B0F9400E6873F /* listNameApp.app */ = {isa = PBXFileReference; explicitFileType = wrapper.application; includeInIndex = 0; path = listNameApp.app; sourceTree = BUILT_PRODUCTS_DIR; };
		83D32DAB2C2B0F9400E6873F /* listNameAppApp.swift */ = {isa = PBXFileReference; lastKnownFileType = sourcecode.swift; path = listNameAppApp.swift; sourceTree = "<group>"; };
		83D32DAD2C2B0F9400E6873F /* PrincipalView.swift */ = {isa = PBXFileReference; lastKnownFileType = sourcecode.swift; path = PrincipalView.swift; sourceTree = "<group>"; };
		83D32DAF2C2B0F9600E6873F /* Assets.xcassets */ = {isa = PBXFileReference; lastKnownFileType = folder.assetcatalog; path = Assets.xcassets; sourceTree = "<group>"; };
		83D32DB22C2B0F9600E6873F /* Preview Assets.xcassets */ = {isa = PBXFileReference; lastKnownFileType = folder.assetcatalog; path = "Preview Assets.xcassets"; sourceTree = "<group>"; };
		83D32DB82C2B0F9600E6873F /* listNameAppTests.xctest */ = {isa = PBXFileReference; explicitFileType = wrapper.cfbundle; includeInIndex = 0; path = listNameAppTests.xctest; sourceTree = BUILT_PRODUCTS_DIR; };
		83D32DBC2C2B0F9600E6873F /* listNameAppTests.swift */ = {isa = PBXFileReference; lastKnownFileType = sourcecode.swift; path = listNameAppTests.swift; sourceTree = "<group>"; };
		83D32DC22C2B0F9600E6873F /* listNameAppUITests.xctest */ = {isa = PBXFileReference; explicitFileType = wrapper.cfbundle; includeInIndex = 0; path = listNameAppUITests.xctest; sourceTree = BUILT_PRODUCTS_DIR; };
		83D32DC62C2B0F9600E6873F /* listNameAppUITests.swift */ = {isa = PBXFileReference; lastKnownFileType = sourcecode.swift; path = listNameAppUITests.swift; sourceTree = "<group>"; };
		83D32DDE2C2B19BC00E6873F /* User.swift */ = {isa = PBXFileReference; lastKnownFileType = sourcecode.swift; path = User.swift; sourceTree = "<group>"; };
		83D32DE12C2B1ACA00E6873F /* UserRepostory.swift */ = {isa = PBXFileReference; lastKnownFileType = sourcecode.swift; path = UserRepostory.swift; sourceTree = "<group>"; };
		83D32DE32C2B1B2900E6873F /* UserDataSource.swift */ = {isa = PBXFileReference; lastKnownFileType = sourcecode.swift; path = UserDataSource.swift; sourceTree = "<group>"; };
		83D32DE52C2B1CFC00E6873F /* PrincipalVM.swift */ = {isa = PBXFileReference; lastKnownFileType = sourcecode.swift; path = PrincipalVM.swift; sourceTree = "<group>"; };
		83D32DEA2C2C6B0B00E6873F /* ProfileView.swift */ = {isa = PBXFileReference; lastKnownFileType = sourcecode.swift; path = ProfileView.swift; sourceTree = "<group>"; };
		83D32DEC2C2C6B1F00E6873F /* ProfileVM.swift */ = {isa = PBXFileReference; lastKnownFileType = sourcecode.swift; path = ProfileVM.swift; sourceTree = "<group>"; };
		83D32DEF2C2DAFD200E6873F /* RandomDataGenerator.swift */ = {isa = PBXFileReference; lastKnownFileType = sourcecode.swift; path = RandomDataGenerator.swift; sourceTree = "<group>"; };
		83D32DF12C2DC07B00E6873F /* UserRepositoryImplTests.swift */ = {isa = PBXFileReference; lastKnownFileType = sourcecode.swift; path = UserRepositoryImplTests.swift; sourceTree = "<group>"; };
		83D32DF32C2DC3CE00E6873F /* RandomDataGenerationTests.swift */ = {isa = PBXFileReference; lastKnownFileType = sourcecode.swift; path = RandomDataGenerationTests.swift; sourceTree = "<group>"; };
/* End PBXFileReference section */

/* Begin PBXFrameworksBuildPhase section */
		83D32DA52C2B0F9400E6873F /* Frameworks */ = {
			isa = PBXFrameworksBuildPhase;
			buildActionMask = 2147483647;
			files = (
			);
			runOnlyForDeploymentPostprocessing = 0;
		};
		83D32DB52C2B0F9600E6873F /* Frameworks */ = {
			isa = PBXFrameworksBuildPhase;
			buildActionMask = 2147483647;
			files = (
			);
			runOnlyForDeploymentPostprocessing = 0;
		};
		83D32DBF2C2B0F9600E6873F /* Frameworks */ = {
			isa = PBXFrameworksBuildPhase;
			buildActionMask = 2147483647;
			files = (
			);
			runOnlyForDeploymentPostprocessing = 0;
		};
/* End PBXFrameworksBuildPhase section */

/* Begin PBXGroup section */
		83D32D9F2C2B0F9400E6873F = {
			isa = PBXGroup;
			children = (
				83D32DAA2C2B0F9400E6873F /* listNameApp */,
				83D32DBB2C2B0F9600E6873F /* listNameAppTests */,
				83D32DC52C2B0F9600E6873F /* listNameAppUITests */,
				83D32DA92C2B0F9400E6873F /* Products */,
			);
			sourceTree = "<group>";
		};
		83D32DA92C2B0F9400E6873F /* Products */ = {
			isa = PBXGroup;
			children = (
				83D32DA82C2B0F9400E6873F /* listNameApp.app */,
				83D32DB82C2B0F9600E6873F /* listNameAppTests.xctest */,
				83D32DC22C2B0F9600E6873F /* listNameAppUITests.xctest */,
			);
			name = Products;
			sourceTree = "<group>";
		};
		83D32DAA2C2B0F9400E6873F /* listNameApp */ = {
			isa = PBXGroup;
			children = (
				83D32DEE2C2DAFBB00E6873F /* Utils */,
				83D32DD72C2B167D00E6873F /* Presentation */,
				83D32DD62C2B164B00E6873F /* Data */,
				83D32DD52C2B164200E6873F /* Domain */,
				83D32DAB2C2B0F9400E6873F /* listNameAppApp.swift */,
				83D32DAF2C2B0F9600E6873F /* Assets.xcassets */,
				83D32DB12C2B0F9600E6873F /* Preview Content */,
			);
			path = listNameApp;
			sourceTree = "<group>";
		};
		83D32DB12C2B0F9600E6873F /* Preview Content */ = {
			isa = PBXGroup;
			children = (
				83D32DB22C2B0F9600E6873F /* Preview Assets.xcassets */,
			);
			path = "Preview Content";
			sourceTree = "<group>";
		};
		83D32DBB2C2B0F9600E6873F /* listNameAppTests */ = {
			isa = PBXGroup;
			children = (
				83D32DBC2C2B0F9600E6873F /* listNameAppTests.swift */,
				83D32DF12C2DC07B00E6873F /* UserRepositoryImplTests.swift */,
				83D32DF32C2DC3CE00E6873F /* RandomDataGenerationTests.swift */,
			);
			path = listNameAppTests;
			sourceTree = "<group>";
		};
		83D32DC52C2B0F9600E6873F /* listNameAppUITests */ = {
			isa = PBXGroup;
			children = (
				83D32DC62C2B0F9600E6873F /* listNameAppUITests.swift */,
			);
			path = listNameAppUITests;
			sourceTree = "<group>";
		};
		83D32DD52C2B164200E6873F /* Domain */ = {
			isa = PBXGroup;
			children = (
				83D32DDD2C2B16FE00E6873F /* Interfaces */,
				83D32DDB2C2B16CE00E6873F /* Entities */,
			);
			path = Domain;
			sourceTree = "<group>";
		};
		83D32DD62C2B164B00E6873F /* Data */ = {
			isa = PBXGroup;
			children = (
				83D32DDC2C2B16E100E6873F /* Repositories */,
			);
			path = Data;
			sourceTree = "<group>";
		};
		83D32DD72C2B167D00E6873F /* Presentation */ = {
			isa = PBXGroup;
			children = (
				83D32DE72C2C6AA400E6873F /* ProfileView */,
				83D32DD82C2B169A00E6873F /* PrincipalView */,
			);
			path = Presentation;
			sourceTree = "<group>";
		};
		83D32DD82C2B169A00E6873F /* PrincipalView */ = {
			isa = PBXGroup;
			children = (
				83D32DDA2C2B16B200E6873F /* ViewModel */,
				83D32DD92C2B16AD00E6873F /* View */,
			);
			path = PrincipalView;
			sourceTree = "<group>";
		};
		83D32DD92C2B16AD00E6873F /* View */ = {
			isa = PBXGroup;
			children = (
				83D32DAD2C2B0F9400E6873F /* PrincipalView.swift */,
			);
			path = View;
			sourceTree = "<group>";
		};
		83D32DDA2C2B16B200E6873F /* ViewModel */ = {
			isa = PBXGroup;
			children = (
				83D32DE52C2B1CFC00E6873F /* PrincipalVM.swift */,
			);
			path = ViewModel;
			sourceTree = "<group>";
		};
		83D32DDB2C2B16CE00E6873F /* Entities */ = {
			isa = PBXGroup;
			children = (
				83D32DDE2C2B19BC00E6873F /* User.swift */,
			);
			path = Entities;
			sourceTree = "<group>";
		};
		83D32DDC2C2B16E100E6873F /* Repositories */ = {
			isa = PBXGroup;
			children = (
				83D32DE32C2B1B2900E6873F /* UserDataSource.swift */,
			);
			path = Repositories;
			sourceTree = "<group>";
		};
		83D32DDD2C2B16FE00E6873F /* Interfaces */ = {
			isa = PBXGroup;
			children = (
				83D32DE02C2B1AB700E6873F /* Repositories */,
			);
			path = Interfaces;
			sourceTree = "<group>";
		};
		83D32DE02C2B1AB700E6873F /* Repositories */ = {
			isa = PBXGroup;
			children = (
				83D32DE12C2B1ACA00E6873F /* UserRepostory.swift */,
			);
			path = Repositories;
			sourceTree = "<group>";
		};
		83D32DE72C2C6AA400E6873F /* ProfileView */ = {
			isa = PBXGroup;
			children = (
				83D32DE92C2C6ABA00E6873F /* ViewModel */,
				83D32DE82C2C6AB200E6873F /* View */,
			);
			path = ProfileView;
			sourceTree = "<group>";
		};
		83D32DE82C2C6AB200E6873F /* View */ = {
			isa = PBXGroup;
			children = (
				83D32DEA2C2C6B0B00E6873F /* ProfileView.swift */,
			);
			path = View;
			sourceTree = "<group>";
		};
		83D32DE92C2C6ABA00E6873F /* ViewModel */ = {
			isa = PBXGroup;
			children = (
				83D32DEC2C2C6B1F00E6873F /* ProfileVM.swift */,
			);
			path = ViewModel;
			sourceTree = "<group>";
		};
		83D32DEE2C2DAFBB00E6873F /* Utils */ = {
			isa = PBXGroup;
			children = (
				83D32DEF2C2DAFD200E6873F /* RandomDataGenerator.swift */,
				839BF4722C2E37910087D56B /* AsyncImageView.swift */,
			);
			path = Utils;
			sourceTree = "<group>";
		};
/* End PBXGroup section */

/* Begin PBXNativeTarget section */
		83D32DA72C2B0F9400E6873F /* listNameApp */ = {
			isa = PBXNativeTarget;
			buildConfigurationList = 83D32DCC2C2B0F9600E6873F /* Build configuration list for PBXNativeTarget "listNameApp" */;
			buildPhases = (
				83D32DA42C2B0F9400E6873F /* Sources */,
				83D32DA52C2B0F9400E6873F /* Frameworks */,
				83D32DA62C2B0F9400E6873F /* Resources */,
			);
			buildRules = (
			);
			dependencies = (
			);
			name = listNameApp;
			productName = listNameApp;
			productReference = 83D32DA82C2B0F9400E6873F /* listNameApp.app */;
			productType = "com.apple.product-type.application";
		};
		83D32DB72C2B0F9600E6873F /* listNameAppTests */ = {
			isa = PBXNativeTarget;
			buildConfigurationList = 83D32DCF2C2B0F9600E6873F /* Build configuration list for PBXNativeTarget "listNameAppTests" */;
			buildPhases = (
				83D32DB42C2B0F9600E6873F /* Sources */,
				83D32DB52C2B0F9600E6873F /* Frameworks */,
				83D32DB62C2B0F9600E6873F /* Resources */,
			);
			buildRules = (
			);
			dependencies = (
				83D32DBA2C2B0F9600E6873F /* PBXTargetDependency */,
			);
			name = listNameAppTests;
			productName = listNameAppTests;
			productReference = 83D32DB82C2B0F9600E6873F /* listNameAppTests.xctest */;
			productType = "com.apple.product-type.bundle.unit-test";
		};
		83D32DC12C2B0F9600E6873F /* listNameAppUITests */ = {
			isa = PBXNativeTarget;
			buildConfigurationList = 83D32DD22C2B0F9600E6873F /* Build configuration list for PBXNativeTarget "listNameAppUITests" */;
			buildPhases = (
				83D32DBE2C2B0F9600E6873F /* Sources */,
				83D32DBF2C2B0F9600E6873F /* Frameworks */,
				83D32DC02C2B0F9600E6873F /* Resources */,
			);
			buildRules = (
			);
			dependencies = (
				83D32DC42C2B0F9600E6873F /* PBXTargetDependency */,
			);
			name = listNameAppUITests;
			productName = listNameAppUITests;
			productReference = 83D32DC22C2B0F9600E6873F /* listNameAppUITests.xctest */;
			productType = "com.apple.product-type.bundle.ui-testing";
		};
/* End PBXNativeTarget section */

/* Begin PBXProject section */
		83D32DA02C2B0F9400E6873F /* Project object */ = {
			isa = PBXProject;
			attributes = {
				BuildIndependentTargetsInParallel = 1;
				LastSwiftUpdateCheck = 1540;
				LastUpgradeCheck = 1540;
				TargetAttributes = {
					83D32DA72C2B0F9400E6873F = {
						CreatedOnToolsVersion = 15.4;
					};
					83D32DB72C2B0F9600E6873F = {
						CreatedOnToolsVersion = 15.4;
						TestTargetID = 83D32DA72C2B0F9400E6873F;
					};
					83D32DC12C2B0F9600E6873F = {
						CreatedOnToolsVersion = 15.4;
						TestTargetID = 83D32DA72C2B0F9400E6873F;
					};
				};
			};
			buildConfigurationList = 83D32DA32C2B0F9400E6873F /* Build configuration list for PBXProject "listNameApp" */;
			compatibilityVersion = "Xcode 14.0";
			developmentRegion = en;
			hasScannedForEncodings = 0;
			knownRegions = (
				en,
				Base,
			);
			mainGroup = 83D32D9F2C2B0F9400E6873F;
			productRefGroup = 83D32DA92C2B0F9400E6873F /* Products */;
			projectDirPath = "";
			projectRoot = "";
			targets = (
				83D32DA72C2B0F9400E6873F /* listNameApp */,
				83D32DB72C2B0F9600E6873F /* listNameAppTests */,
				83D32DC12C2B0F9600E6873F /* listNameAppUITests */,
			);
		};
/* End PBXProject section */

/* Begin PBXResourcesBuildPhase section */
		83D32DA62C2B0F9400E6873F /* Resources */ = {
			isa = PBXResourcesBuildPhase;
			buildActionMask = 2147483647;
			files = (
				83D32DB32C2B0F9600E6873F /* Preview Assets.xcassets in Resources */,
				83D32DB02C2B0F9600E6873F /* Assets.xcassets in Resources */,
			);
			runOnlyForDeploymentPostprocessing = 0;
		};
		83D32DB62C2B0F9600E6873F /* Resources */ = {
			isa = PBXResourcesBuildPhase;
			buildActionMask = 2147483647;
			files = (
			);
			runOnlyForDeploymentPostprocessing = 0;
		};
		83D32DC02C2B0F9600E6873F /* Resources */ = {
			isa = PBXResourcesBuildPhase;
			buildActionMask = 2147483647;
			files = (
			);
			runOnlyForDeploymentPostprocessing = 0;
		};
/* End PBXResourcesBuildPhase section */

/* Begin PBXSourcesBuildPhase section */
		83D32DA42C2B0F9400E6873F /* Sources */ = {
			isa = PBXSourcesBuildPhase;
			buildActionMask = 2147483647;
			files = (
				83D32DE22C2B1ACA00E6873F /* UserRepostory.swift in Sources */,
				83D32DAE2C2B0F9400E6873F /* PrincipalView.swift in Sources */,
				83D32DAC2C2B0F9400E6873F /* listNameAppApp.swift in Sources */,
				839BF4732C2E37910087D56B /* AsyncImageView.swift in Sources */,
				83D32DE42C2B1B2900E6873F /* UserDataSource.swift in Sources */,
				83D32DDF2C2B19BC00E6873F /* User.swift in Sources */,
				83D32DF02C2DAFD200E6873F /* RandomDataGenerator.swift in Sources */,
				83D32DEB2C2C6B0B00E6873F /* ProfileView.swift in Sources */,
				83D32DED2C2C6B1F00E6873F /* ProfileVM.swift in Sources */,
				83D32DE62C2B1CFC00E6873F /* PrincipalVM.swift in Sources */,
			);
			runOnlyForDeploymentPostprocessing = 0;
		};
		83D32DB42C2B0F9600E6873F /* Sources */ = {
			isa = PBXSourcesBuildPhase;
			buildActionMask = 2147483647;
			files = (
				83D32DF22C2DC07B00E6873F /* UserRepositoryImplTests.swift in Sources */,
				83D32DBD2C2B0F9600E6873F /* listNameAppTests.swift in Sources */,
				83D32DF42C2DC3CE00E6873F /* RandomDataGenerationTests.swift in Sources */,
			);
			runOnlyForDeploymentPostprocessing = 0;
		};
		83D32DBE2C2B0F9600E6873F /* Sources */ = {
			isa = PBXSourcesBuildPhase;
			buildActionMask = 2147483647;
			files = (
				83D32DC72C2B0F9600E6873F /* listNameAppUITests.swift in Sources */,
			);
			runOnlyForDeploymentPostprocessing = 0;
		};
/* End PBXSourcesBuildPhase section */

/* Begin PBXTargetDependency section */
		83D32DBA2C2B0F9600E6873F /* PBXTargetDependency */ = {
			isa = PBXTargetDependency;
			target = 83D32DA72C2B0F9400E6873F /* listNameApp */;
			targetProxy = 83D32DB92C2B0F9600E6873F /* PBXContainerItemProxy */;
		};
		83D32DC42C2B0F9600E6873F /* PBXTargetDependency */ = {
			isa = PBXTargetDependency;
			target = 83D32DA72C2B0F9400E6873F /* listNameApp */;
			targetProxy = 83D32DC32C2B0F9600E6873F /* PBXContainerItemProxy */;
		};
/* End PBXTargetDependency section */

/* Begin XCBuildConfiguration section */
		83D32DCA2C2B0F9600E6873F /* Debug */ = {
			isa = XCBuildConfiguration;
			buildSettings = {
				ALWAYS_SEARCH_USER_PATHS = NO;
				ASSETCATALOG_COMPILER_GENERATE_SWIFT_ASSET_SYMBOL_EXTENSIONS = YES;
				CLANG_ANALYZER_NONNULL = YES;
				CLANG_ANALYZER_NUMBER_OBJECT_CONVERSION = YES_AGGRESSIVE;
				CLANG_CXX_LANGUAGE_STANDARD = "gnu++20";
				CLANG_ENABLE_MODULES = YES;
				CLANG_ENABLE_OBJC_ARC = YES;
				CLANG_ENABLE_OBJC_WEAK = YES;
				CLANG_WARN_BLOCK_CAPTURE_AUTORELEASING = YES;
				CLANG_WARN_BOOL_CONVERSION = YES;
				CLANG_WARN_COMMA = YES;
				CLANG_WARN_CONSTANT_CONVERSION = YES;
				CLANG_WARN_DEPRECATED_OBJC_IMPLEMENTATIONS = YES;
				CLANG_WARN_DIRECT_OBJC_ISA_USAGE = YES_ERROR;
				CLANG_WARN_DOCUMENTATION_COMMENTS = YES;
				CLANG_WARN_EMPTY_BODY = YES;
				CLANG_WARN_ENUM_CONVERSION = YES;
				CLANG_WARN_INFINITE_RECURSION = YES;
				CLANG_WARN_INT_CONVERSION = YES;
				CLANG_WARN_NON_LITERAL_NULL_CONVERSION = YES;
				CLANG_WARN_OBJC_IMPLICIT_RETAIN_SELF = YES;
				CLANG_WARN_OBJC_LITERAL_CONVERSION = YES;
				CLANG_WARN_OBJC_ROOT_CLASS = YES_ERROR;
				CLANG_WARN_QUOTED_INCLUDE_IN_FRAMEWORK_HEADER = YES;
				CLANG_WARN_RANGE_LOOP_ANALYSIS = YES;
				CLANG_WARN_STRICT_PROTOTYPES = YES;
				CLANG_WARN_SUSPICIOUS_MOVE = YES;
				CLANG_WARN_UNGUARDED_AVAILABILITY = YES_AGGRESSIVE;
				CLANG_WARN_UNREACHABLE_CODE = YES;
				CLANG_WARN__DUPLICATE_METHOD_MATCH = YES;
				COPY_PHASE_STRIP = NO;
				DEBUG_INFORMATION_FORMAT = dwarf;
				ENABLE_STRICT_OBJC_MSGSEND = YES;
				ENABLE_TESTABILITY = YES;
				ENABLE_USER_SCRIPT_SANDBOXING = YES;
				GCC_C_LANGUAGE_STANDARD = gnu17;
				GCC_DYNAMIC_NO_PIC = NO;
				GCC_NO_COMMON_BLOCKS = YES;
				GCC_OPTIMIZATION_LEVEL = 0;
				GCC_PREPROCESSOR_DEFINITIONS = (
					"DEBUG=1",
					"$(inherited)",
				);
				GCC_WARN_64_TO_32_BIT_CONVERSION = YES;
				GCC_WARN_ABOUT_RETURN_TYPE = YES_ERROR;
				GCC_WARN_UNDECLARED_SELECTOR = YES;
				GCC_WARN_UNINITIALIZED_AUTOS = YES_AGGRESSIVE;
				GCC_WARN_UNUSED_FUNCTION = YES;
				GCC_WARN_UNUSED_VARIABLE = YES;
				IPHONEOS_DEPLOYMENT_TARGET = 17.5;
				LOCALIZATION_PREFERS_STRING_CATALOGS = YES;
				MTL_ENABLE_DEBUG_INFO = INCLUDE_SOURCE;
				MTL_FAST_MATH = YES;
				ONLY_ACTIVE_ARCH = YES;
				SDKROOT = iphoneos;
				SWIFT_ACTIVE_COMPILATION_CONDITIONS = "DEBUG $(inherited)";
				SWIFT_OPTIMIZATION_LEVEL = "-Onone";
			};
			name = Debug;
		};
		83D32DCB2C2B0F9600E6873F /* Release */ = {
			isa = XCBuildConfiguration;
			buildSettings = {
				ALWAYS_SEARCH_USER_PATHS = NO;
				ASSETCATALOG_COMPILER_GENERATE_SWIFT_ASSET_SYMBOL_EXTENSIONS = YES;
				CLANG_ANALYZER_NONNULL = YES;
				CLANG_ANALYZER_NUMBER_OBJECT_CONVERSION = YES_AGGRESSIVE;
				CLANG_CXX_LANGUAGE_STANDARD = "gnu++20";
				CLANG_ENABLE_MODULES = YES;
				CLANG_ENABLE_OBJC_ARC = YES;
				CLANG_ENABLE_OBJC_WEAK = YES;
				CLANG_WARN_BLOCK_CAPTURE_AUTORELEASING = YES;
				CLANG_WARN_BOOL_CONVERSION = YES;
				CLANG_WARN_COMMA = YES;
				CLANG_WARN_CONSTANT_CONVERSION = YES;
				CLANG_WARN_DEPRECATED_OBJC_IMPLEMENTATIONS = YES;
				CLANG_WARN_DIRECT_OBJC_ISA_USAGE = YES_ERROR;
				CLANG_WARN_DOCUMENTATION_COMMENTS = YES;
				CLANG_WARN_EMPTY_BODY = YES;
				CLANG_WARN_ENUM_CONVERSION = YES;
				CLANG_WARN_INFINITE_RECURSION = YES;
				CLANG_WARN_INT_CONVERSION = YES;
				CLANG_WARN_NON_LITERAL_NULL_CONVERSION = YES;
				CLANG_WARN_OBJC_IMPLICIT_RETAIN_SELF = YES;
				CLANG_WARN_OBJC_LITERAL_CONVERSION = YES;
				CLANG_WARN_OBJC_ROOT_CLASS = YES_ERROR;
				CLANG_WARN_QUOTED_INCLUDE_IN_FRAMEWORK_HEADER = YES;
				CLANG_WARN_RANGE_LOOP_ANALYSIS = YES;
				CLANG_WARN_STRICT_PROTOTYPES = YES;
				CLANG_WARN_SUSPICIOUS_MOVE = YES;
				CLANG_WARN_UNGUARDED_AVAILABILITY = YES_AGGRESSIVE;
				CLANG_WARN_UNREACHABLE_CODE = YES;
				CLANG_WARN__DUPLICATE_METHOD_MATCH = YES;
				COPY_PHASE_STRIP = NO;
				DEBUG_INFORMATION_FORMAT = "dwarf-with-dsym";
				ENABLE_NS_ASSERTIONS = NO;
				ENABLE_STRICT_OBJC_MSGSEND = YES;
				ENABLE_USER_SCRIPT_SANDBOXING = YES;
				GCC_C_LANGUAGE_STANDARD = gnu17;
				GCC_NO_COMMON_BLOCKS = YES;
				GCC_WARN_64_TO_32_BIT_CONVERSION = YES;
				GCC_WARN_ABOUT_RETURN_TYPE = YES_ERROR;
				GCC_WARN_UNDECLARED_SELECTOR = YES;
				GCC_WARN_UNINITIALIZED_AUTOS = YES_AGGRESSIVE;
				GCC_WARN_UNUSED_FUNCTION = YES;
				GCC_WARN_UNUSED_VARIABLE = YES;
				IPHONEOS_DEPLOYMENT_TARGET = 17.5;
				LOCALIZATION_PREFERS_STRING_CATALOGS = YES;
				MTL_ENABLE_DEBUG_INFO = NO;
				MTL_FAST_MATH = YES;
				SDKROOT = iphoneos;
				SWIFT_COMPILATION_MODE = wholemodule;
				VALIDATE_PRODUCT = YES;
			};
			name = Release;
		};
		83D32DCD2C2B0F9600E6873F /* Debug */ = {
			isa = XCBuildConfiguration;
			buildSettings = {
				ASSETCATALOG_COMPILER_APPICON_NAME = AppIcon;
				ASSETCATALOG_COMPILER_GLOBAL_ACCENT_COLOR_NAME = AccentColor;
				CODE_SIGN_STYLE = Automatic;
				CURRENT_PROJECT_VERSION = 1;
				DEVELOPMENT_ASSET_PATHS = "\"listNameApp/Preview Content\"";
				DEVELOPMENT_TEAM = NNS2P69U9B;
				ENABLE_PREVIEWS = YES;
				GENERATE_INFOPLIST_FILE = YES;
				INFOPLIST_KEY_UIApplicationSceneManifest_Generation = YES;
				INFOPLIST_KEY_UIApplicationSupportsIndirectInputEvents = YES;
				INFOPLIST_KEY_UILaunchScreen_Generation = YES;
				INFOPLIST_KEY_UISupportedInterfaceOrientations_iPad = "UIInterfaceOrientationPortrait UIInterfaceOrientationPortraitUpsideDown UIInterfaceOrientationLandscapeLeft UIInterfaceOrientationLandscapeRight";
				INFOPLIST_KEY_UISupportedInterfaceOrientations_iPhone = "UIInterfaceOrientationPortrait UIInterfaceOrientationLandscapeLeft UIInterfaceOrientationLandscapeRight";
				LD_RUNPATH_SEARCH_PATHS = (
					"$(inherited)",
					"@executable_path/Frameworks",
				);
				MARKETING_VERSION = 1.0;
				PRODUCT_BUNDLE_IDENTIFIER = org.cristian..listNameApp;
				PRODUCT_NAME = "$(TARGET_NAME)";
				SWIFT_EMIT_LOC_STRINGS = YES;
				SWIFT_VERSION = 5.0;
				TARGETED_DEVICE_FAMILY = "1,2";
			};
			name = Debug;
		};
		83D32DCE2C2B0F9600E6873F /* Release */ = {
			isa = XCBuildConfiguration;
			buildSettings = {
				ASSETCATALOG_COMPILER_APPICON_NAME = AppIcon;
				ASSETCATALOG_COMPILER_GLOBAL_ACCENT_COLOR_NAME = AccentColor;
				CODE_SIGN_STYLE = Automatic;
				CURRENT_PROJECT_VERSION = 1;
				DEVELOPMENT_ASSET_PATHS = "\"listNameApp/Preview Content\"";
				DEVELOPMENT_TEAM = NNS2P69U9B;
				ENABLE_PREVIEWS = YES;
				GENERATE_INFOPLIST_FILE = YES;
				INFOPLIST_KEY_UIApplicationSceneManifest_Generation = YES;
				INFOPLIST_KEY_UIApplicationSupportsIndirectInputEvents = YES;
				INFOPLIST_KEY_UILaunchScreen_Generation = YES;
				INFOPLIST_KEY_UISupportedInterfaceOrientations_iPad = "UIInterfaceOrientationPortrait UIInterfaceOrientationPortraitUpsideDown UIInterfaceOrientationLandscapeLeft UIInterfaceOrientationLandscapeRight";
				INFOPLIST_KEY_UISupportedInterfaceOrientations_iPhone = "UIInterfaceOrientationPortrait UIInterfaceOrientationLandscapeLeft UIInterfaceOrientationLandscapeRight";
				LD_RUNPATH_SEARCH_PATHS = (
					"$(inherited)",
					"@executable_path/Frameworks",
				);
				MARKETING_VERSION = 1.0;
				PRODUCT_BUNDLE_IDENTIFIER = org.cristian..listNameApp;
				PRODUCT_NAME = "$(TARGET_NAME)";
				SWIFT_EMIT_LOC_STRINGS = YES;
				SWIFT_VERSION = 5.0;
				TARGETED_DEVICE_FAMILY = "1,2";
			};
			name = Release;
		};
		83D32DD02C2B0F9600E6873F /* Debug */ = {
			isa = XCBuildConfiguration;
			buildSettings = {
				ALWAYS_EMBED_SWIFT_STANDARD_LIBRARIES = YES;
				BUNDLE_LOADER = "$(TEST_HOST)";
				CODE_SIGN_STYLE = Automatic;
				CURRENT_PROJECT_VERSION = 1;
				DEVELOPMENT_TEAM = NNS2P69U9B;
				GENERATE_INFOPLIST_FILE = YES;
				IPHONEOS_DEPLOYMENT_TARGET = 17.5;
				MARKETING_VERSION = 1.0;
				PRODUCT_BUNDLE_IDENTIFIER = org.cristian..listNameAppTests;
				PRODUCT_NAME = "$(TARGET_NAME)";
				SWIFT_EMIT_LOC_STRINGS = NO;
				SWIFT_VERSION = 5.0;
				TARGETED_DEVICE_FAMILY = "1,2";
				TEST_HOST = "$(BUILT_PRODUCTS_DIR)/listNameApp.app/$(BUNDLE_EXECUTABLE_FOLDER_PATH)/listNameApp";
			};
			name = Debug;
		};
		83D32DD12C2B0F9600E6873F /* Release */ = {
			isa = XCBuildConfiguration;
			buildSettings = {
				ALWAYS_EMBED_SWIFT_STANDARD_LIBRARIES = YES;
				BUNDLE_LOADER = "$(TEST_HOST)";
				CODE_SIGN_STYLE = Automatic;
				CURRENT_PROJECT_VERSION = 1;
				DEVELOPMENT_TEAM = NNS2P69U9B;
				GENERATE_INFOPLIST_FILE = YES;
				IPHONEOS_DEPLOYMENT_TARGET = 17.5;
				MARKETING_VERSION = 1.0;
				PRODUCT_BUNDLE_IDENTIFIER = org.cristian..listNameAppTests;
				PRODUCT_NAME = "$(TARGET_NAME)";
				SWIFT_EMIT_LOC_STRINGS = NO;
				SWIFT_VERSION = 5.0;
				TARGETED_DEVICE_FAMILY = "1,2";
				TEST_HOST = "$(BUILT_PRODUCTS_DIR)/listNameApp.app/$(BUNDLE_EXECUTABLE_FOLDER_PATH)/listNameApp";
			};
			name = Release;
		};
		83D32DD32C2B0F9600E6873F /* Debug */ = {
			isa = XCBuildConfiguration;
			buildSettings = {
				ALWAYS_EMBED_SWIFT_STANDARD_LIBRARIES = YES;
				CODE_SIGN_STYLE = Automatic;
				CURRENT_PROJECT_VERSION = 1;
				DEVELOPMENT_TEAM = NNS2P69U9B;
				GENERATE_INFOPLIST_FILE = YES;
				MARKETING_VERSION = 1.0;
				PRODUCT_BUNDLE_IDENTIFIER = org.cristian..listNameAppUITests;
				PRODUCT_NAME = "$(TARGET_NAME)";
				SWIFT_EMIT_LOC_STRINGS = NO;
				SWIFT_VERSION = 5.0;
				TARGETED_DEVICE_FAMILY = "1,2";
				TEST_TARGET_NAME = listNameApp;
			};
			name = Debug;
		};
		83D32DD42C2B0F9600E6873F /* Release */ = {
			isa = XCBuildConfiguration;
			buildSettings = {
				ALWAYS_EMBED_SWIFT_STANDARD_LIBRARIES = YES;
				CODE_SIGN_STYLE = Automatic;
				CURRENT_PROJECT_VERSION = 1;
				DEVELOPMENT_TEAM = NNS2P69U9B;
				GENERATE_INFOPLIST_FILE = YES;
				MARKETING_VERSION = 1.0;
				PRODUCT_BUNDLE_IDENTIFIER = org.cristian..listNameAppUITests;
				PRODUCT_NAME = "$(TARGET_NAME)";
				SWIFT_EMIT_LOC_STRINGS = NO;
				SWIFT_VERSION = 5.0;
				TARGETED_DEVICE_FAMILY = "1,2";
				TEST_TARGET_NAME = listNameApp;
			};
			name = Release;
		};
/* End XCBuildConfiguration section */

/* Begin XCConfigurationList section */
		83D32DA32C2B0F9400E6873F /* Build configuration list for PBXProject "listNameApp" */ = {
			isa = XCConfigurationList;
			buildConfigurations = (
				83D32DCA2C2B0F9600E6873F /* Debug */,
				83D32DCB2C2B0F9600E6873F /* Release */,
			);
			defaultConfigurationIsVisible = 0;
			defaultConfigurationName = Release;
		};
		83D32DCC2C2B0F9600E6873F /* Build configuration list for PBXNativeTarget "listNameApp" */ = {
			isa = XCConfigurationList;
			buildConfigurations = (
				83D32DCD2C2B0F9600E6873F /* Debug */,
				83D32DCE2C2B0F9600E6873F /* Release */,
			);
			defaultConfigurationIsVisible = 0;
			defaultConfigurationName = Release;
		};
		83D32DCF2C2B0F9600E6873F /* Build configuration list for PBXNativeTarget "listNameAppTests" */ = {
			isa = XCConfigurationList;
			buildConfigurations = (
				83D32DD02C2B0F9600E6873F /* Debug */,
				83D32DD12C2B0F9600E6873F /* Release */,
			);
			defaultConfigurationIsVisible = 0;
			defaultConfigurationName = Release;
		};
		83D32DD22C2B0F9600E6873F /* Build configuration list for PBXNativeTarget "listNameAppUITests" */ = {
			isa = XCConfigurationList;
			buildConfigurations = (
				83D32DD32C2B0F9600E6873F /* Debug */,
				83D32DD42C2B0F9600E6873F /* Release */,
			);
			defaultConfigurationIsVisible = 0;
			defaultConfigurationName = Release;
		};
/* End XCConfigurationList section */
	};
	rootObject = 83D32DA02C2B0F9400E6873F /* Project object */;
}
